github.com/bobg/go-generics/v3 v3.1.1 h1:h0sP5VdHL2CRWqEUiu8a4SdEDQYXnI4JKByqg8Mgv/k=
github.com/bobg/go-generics/v3 v3.1.1/go.mod h1:dIvFGgkJ/yLxLo1ocZKqYo9RrbfHfe+uIYnINMKblgo=
github.com/mattn/go-sqlite3 v1.14.12 h1:TJ1bhYJPV44phC+IMu1u2K/i5RriLTPe+yc68XDJ1Z0=
github.com/mattn/go-sqlite3 v1.14.12/go.mod h1:NyWgC/yNuGj7Q9rpYnZvas74GogHl5/Z4A/KQRfk6bU=
